
Microsoft Visual Studio Solution File, Format Version 12.00
# Visual Studio Version 17
Project("{8BC9CEB8-8B4A-11D0-8D11-00A0C91BC942}") = "ALL_BUILD", "ALL_BUILD.vcxproj", "{353A66C9-2DCC-3842-9565-166CA4377501}"
	ProjectSection(ProjectDependencies) = postProject
		{6B0E4B3F-6E2E-3565-A668-F6B3BC1DAD93} = {6B0E4B3F-6E2E-3565-A668-F6B3BC1DAD93}
		{AE144894-EE4D-3353-8F71-99B88EF7A7ED} = {AE144894-EE4D-3353-8F71-99B88EF7A7ED}
		{58D51205-FD2C-34F8-95C4-4A9345357DC6} = {58D51205-FD2C-34F8-95C4-4A9345357DC6}
	EndProjectSection
EndProject
Project("{8BC9CEB8-8B4A-11D0-8D11-00A0C91BC942}") = "ZERO_CHECK", "ZERO_CHECK.vcxproj", "{6B0E4B3F-6E2E-3565-A668-F6B3BC1DAD93}"
	ProjectSection(ProjectDependencies) = postProject
	EndProjectSection
EndProject
Project("{8BC9CEB8-8B4A-11D0-8D11-00A0C91BC942}") = "pybind11app", "pybind11app.vcxproj", "{AE144894-EE4D-3353-8F71-99B88EF7A7ED}"
	ProjectSection(ProjectDependencies) = postProject
		{6B0E4B3F-6E2E-3565-A668-F6B3BC1DAD93} = {6B0E4B3F-6E2E-3565-A668-F6B3BC1DAD93}
	EndProjectSection
EndProject
Project("{8BC9CEB8-8B4A-11D0-8D11-00A0C91BC942}") = "pybind11module", "pybind11module.vcxproj", "{58D51205-FD2C-34F8-95C4-4A9345357DC6}"
	ProjectSection(ProjectDependencies) = postProject
		{6B0E4B3F-6E2E-3565-A668-F6B3BC1DAD93} = {6B0E4B3F-6E2E-3565-A668-F6B3BC1DAD93}
	EndProjectSection
EndProject
Global
	GlobalSection(SolutionConfigurationPlatforms) = preSolution
		Debug|x64 = Debug|x64
		Release|x64 = Release|x64
		MinSizeRel|x64 = MinSizeRel|x64
		RelWithDebInfo|x64 = RelWithDebInfo|x64
	EndGlobalSection
	GlobalSection(ProjectConfigurationPlatforms) = postSolution
		{353A66C9-2DCC-3842-9565-166CA4377501}.Debug|x64.ActiveCfg = Debug|x64
		{353A66C9-2DCC-3842-9565-166CA4377501}.Release|x64.ActiveCfg = Release|x64
		{353A66C9-2DCC-3842-9565-166CA4377501}.MinSizeRel|x64.ActiveCfg = MinSizeRel|x64
		{353A66C9-2DCC-3842-9565-166CA4377501}.RelWithDebInfo|x64.ActiveCfg = RelWithDebInfo|x64
		{6B0E4B3F-6E2E-3565-A668-F6B3BC1DAD93}.Debug|x64.ActiveCfg = Debug|x64
		{6B0E4B3F-6E2E-3565-A668-F6B3BC1DAD93}.Debug|x64.Build.0 = Debug|x64
		{6B0E4B3F-6E2E-3565-A668-F6B3BC1DAD93}.Release|x64.ActiveCfg = Release|x64
		{6B0E4B3F-6E2E-3565-A668-F6B3BC1DAD93}.Release|x64.Build.0 = Release|x64
		{6B0E4B3F-6E2E-3565-A668-F6B3BC1DAD93}.MinSizeRel|x64.ActiveCfg = MinSizeRel|x64
		{6B0E4B3F-6E2E-3565-A668-F6B3BC1DAD93}.MinSizeRel|x64.Build.0 = MinSizeRel|x64
		{6B0E4B3F-6E2E-3565-A668-F6B3BC1DAD93}.RelWithDebInfo|x64.ActiveCfg = RelWithDebInfo|x64
		{6B0E4B3F-6E2E-3565-A668-F6B3BC1DAD93}.RelWithDebInfo|x64.Build.0 = RelWithDebInfo|x64
		{AE144894-EE4D-3353-8F71-99B88EF7A7ED}.Debug|x64.ActiveCfg = Debug|x64
		{AE144894-EE4D-3353-8F71-99B88EF7A7ED}.Debug|x64.Build.0 = Debug|x64
		{AE144894-EE4D-3353-8F71-99B88EF7A7ED}.Release|x64.ActiveCfg = Release|x64
		{AE144894-EE4D-3353-8F71-99B88EF7A7ED}.Release|x64.Build.0 = Release|x64
		{AE144894-EE4D-3353-8F71-99B88EF7A7ED}.MinSizeRel|x64.ActiveCfg = MinSizeRel|x64
		{AE144894-EE4D-3353-8F71-99B88EF7A7ED}.MinSizeRel|x64.Build.0 = MinSizeRel|x64
		{AE144894-EE4D-3353-8F71-99B88EF7A7ED}.RelWithDebInfo|x64.ActiveCfg = RelWithDebInfo|x64
		{AE144894-EE4D-3353-8F71-99B88EF7A7ED}.RelWithDebInfo|x64.Build.0 = RelWithDebInfo|x64
		{58D51205-FD2C-34F8-95C4-4A9345357DC6}.Debug|x64.ActiveCfg = Debug|x64
		{58D51205-FD2C-34F8-95C4-4A9345357DC6}.Debug|x64.Build.0 = Debug|x64
		{58D51205-FD2C-34F8-95C4-4A9345357DC6}.Release|x64.ActiveCfg = Release|x64
		{58D51205-FD2C-34F8-95C4-4A9345357DC6}.Release|x64.Build.0 = Release|x64
		{58D51205-FD2C-34F8-95C4-4A9345357DC6}.MinSizeRel|x64.ActiveCfg = MinSizeRel|x64
		{58D51205-FD2C-34F8-95C4-4A9345357DC6}.MinSizeRel|x64.Build.0 = MinSizeRel|x64
		{58D51205-FD2C-34F8-95C4-4A9345357DC6}.RelWithDebInfo|x64.ActiveCfg = RelWithDebInfo|x64
		{58D51205-FD2C-34F8-95C4-4A9345357DC6}.RelWithDebInfo|x64.Build.0 = RelWithDebInfo|x64
	EndGlobalSection
	GlobalSection(ExtensibilityGlobals) = postSolution
		SolutionGuid = {4A61449A-7973-30E8-8549-E4F546901518}
	EndGlobalSection
	GlobalSection(ExtensibilityAddIns) = postSolution
	EndGlobalSection
EndGlobal
