
Microsoft Visual Studio Solution File, Format Version 12.00
# Visual Studio Version 17
Project("{8BC9CEB8-8B4A-11D0-8D11-00A0C91BC942}") = "ALL_BUILD", "ALL_BUILD.vcxproj", "{28153DF9-BD0F-399E-9D31-6DA62FE3A0D2}"
	ProjectSection(ProjectDependencies) = postProject
		{08E36E0A-F772-38CA-901D-CE2F3EEF4FBC} = {08E36E0A-F772-38CA-901D-CE2F3EEF4FBC}
		{667386A6-CFA8-3713-9387-0EBB1A3311D7} = {667386A6-CFA8-3713-9387-0EBB1A3311D7}
		{9C4B7917-4A90-3499-8A66-4B15246B4155} = {9C4B7917-4A90-3499-8A66-4B15246B4155}
		{AFD3A495-3958-38D3-AE61-D9E1A65F1D79} = {AFD3A495-3958-38D3-AE61-D9E1A65F1D79}
	EndProjectSection
EndProject
Project("{8BC9CEB8-8B4A-11D0-8D11-00A0C91BC942}") = "INSTALL", "INSTALL.vcxproj", "{BF4673B9-2111-34F3-AF15-A2DB4111554B}"
	ProjectSection(ProjectDependencies) = postProject
		{28153DF9-BD0F-399E-9D31-6DA62FE3A0D2} = {28153DF9-BD0F-399E-9D31-6DA62FE3A0D2}
		{08E36E0A-F772-38CA-901D-CE2F3EEF4FBC} = {08E36E0A-F772-38CA-901D-CE2F3EEF4FBC}
	EndProjectSection
EndProject
Project("{8BC9CEB8-8B4A-11D0-8D11-00A0C91BC942}") = "ZERO_CHECK", "ZERO_CHECK.vcxproj", "{08E36E0A-F772-38CA-901D-CE2F3EEF4FBC}"
	ProjectSection(ProjectDependencies) = postProject
	EndProjectSection
EndProject
Project("{8BC9CEB8-8B4A-11D0-8D11-00A0C91BC942}") = "matplot", "externals\matplotplusplus\source\matplot\matplot.vcxproj", "{667386A6-CFA8-3713-9387-0EBB1A3311D7}"
	ProjectSection(ProjectDependencies) = postProject
		{08E36E0A-F772-38CA-901D-CE2F3EEF4FBC} = {08E36E0A-F772-38CA-901D-CE2F3EEF4FBC}
		{9C4B7917-4A90-3499-8A66-4B15246B4155} = {9C4B7917-4A90-3499-8A66-4B15246B4155}
	EndProjectSection
EndProject
Project("{8BC9CEB8-8B4A-11D0-8D11-00A0C91BC942}") = "nodesoup", "externals\matplotplusplus\source\3rd_party\nodesoup.vcxproj", "{9C4B7917-4A90-3499-8A66-4B15246B4155}"
	ProjectSection(ProjectDependencies) = postProject
		{08E36E0A-F772-38CA-901D-CE2F3EEF4FBC} = {08E36E0A-F772-38CA-901D-CE2F3EEF4FBC}
	EndProjectSection
EndProject
Project("{8BC9CEB8-8B4A-11D0-8D11-00A0C91BC942}") = "pybind11module", "pybind11module.vcxproj", "{AFD3A495-3958-38D3-AE61-D9E1A65F1D79}"
	ProjectSection(ProjectDependencies) = postProject
		{08E36E0A-F772-38CA-901D-CE2F3EEF4FBC} = {08E36E0A-F772-38CA-901D-CE2F3EEF4FBC}
		{667386A6-CFA8-3713-9387-0EBB1A3311D7} = {667386A6-CFA8-3713-9387-0EBB1A3311D7}
		{9C4B7917-4A90-3499-8A66-4B15246B4155} = {9C4B7917-4A90-3499-8A66-4B15246B4155}
	EndProjectSection
EndProject
Global
	GlobalSection(SolutionConfigurationPlatforms) = preSolution
		Debug|x64 = Debug|x64
		Release|x64 = Release|x64
		MinSizeRel|x64 = MinSizeRel|x64
		RelWithDebInfo|x64 = RelWithDebInfo|x64
	EndGlobalSection
	GlobalSection(ProjectConfigurationPlatforms) = postSolution
		{28153DF9-BD0F-399E-9D31-6DA62FE3A0D2}.Debug|x64.ActiveCfg = Debug|x64
		{28153DF9-BD0F-399E-9D31-6DA62FE3A0D2}.Debug|x64.Build.0 = Debug|x64
		{28153DF9-BD0F-399E-9D31-6DA62FE3A0D2}.Release|x64.ActiveCfg = Release|x64
		{28153DF9-BD0F-399E-9D31-6DA62FE3A0D2}.Release|x64.Build.0 = Release|x64
		{28153DF9-BD0F-399E-9D31-6DA62FE3A0D2}.MinSizeRel|x64.ActiveCfg = MinSizeRel|x64
		{28153DF9-BD0F-399E-9D31-6DA62FE3A0D2}.MinSizeRel|x64.Build.0 = MinSizeRel|x64
		{28153DF9-BD0F-399E-9D31-6DA62FE3A0D2}.RelWithDebInfo|x64.ActiveCfg = RelWithDebInfo|x64
		{28153DF9-BD0F-399E-9D31-6DA62FE3A0D2}.RelWithDebInfo|x64.Build.0 = RelWithDebInfo|x64
		{BF4673B9-2111-34F3-AF15-A2DB4111554B}.Debug|x64.ActiveCfg = Debug|x64
		{BF4673B9-2111-34F3-AF15-A2DB4111554B}.Release|x64.ActiveCfg = Release|x64
		{BF4673B9-2111-34F3-AF15-A2DB4111554B}.MinSizeRel|x64.ActiveCfg = MinSizeRel|x64
		{BF4673B9-2111-34F3-AF15-A2DB4111554B}.RelWithDebInfo|x64.ActiveCfg = RelWithDebInfo|x64
		{08E36E0A-F772-38CA-901D-CE2F3EEF4FBC}.Debug|x64.ActiveCfg = Debug|x64
		{08E36E0A-F772-38CA-901D-CE2F3EEF4FBC}.Debug|x64.Build.0 = Debug|x64
		{08E36E0A-F772-38CA-901D-CE2F3EEF4FBC}.Release|x64.ActiveCfg = Release|x64
		{08E36E0A-F772-38CA-901D-CE2F3EEF4FBC}.Release|x64.Build.0 = Release|x64
		{08E36E0A-F772-38CA-901D-CE2F3EEF4FBC}.MinSizeRel|x64.ActiveCfg = MinSizeRel|x64
		{08E36E0A-F772-38CA-901D-CE2F3EEF4FBC}.MinSizeRel|x64.Build.0 = MinSizeRel|x64
		{08E36E0A-F772-38CA-901D-CE2F3EEF4FBC}.RelWithDebInfo|x64.ActiveCfg = RelWithDebInfo|x64
		{08E36E0A-F772-38CA-901D-CE2F3EEF4FBC}.RelWithDebInfo|x64.Build.0 = RelWithDebInfo|x64
		{667386A6-CFA8-3713-9387-0EBB1A3311D7}.Debug|x64.ActiveCfg = Debug|x64
		{667386A6-CFA8-3713-9387-0EBB1A3311D7}.Debug|x64.Build.0 = Debug|x64
		{667386A6-CFA8-3713-9387-0EBB1A3311D7}.Release|x64.ActiveCfg = Release|x64
		{667386A6-CFA8-3713-9387-0EBB1A3311D7}.Release|x64.Build.0 = Release|x64
		{667386A6-CFA8-3713-9387-0EBB1A3311D7}.MinSizeRel|x64.ActiveCfg = MinSizeRel|x64
		{667386A6-CFA8-3713-9387-0EBB1A3311D7}.MinSizeRel|x64.Build.0 = MinSizeRel|x64
		{667386A6-CFA8-3713-9387-0EBB1A3311D7}.RelWithDebInfo|x64.ActiveCfg = RelWithDebInfo|x64
		{667386A6-CFA8-3713-9387-0EBB1A3311D7}.RelWithDebInfo|x64.Build.0 = RelWithDebInfo|x64
		{9C4B7917-4A90-3499-8A66-4B15246B4155}.Debug|x64.ActiveCfg = Debug|x64
		{9C4B7917-4A90-3499-8A66-4B15246B4155}.Debug|x64.Build.0 = Debug|x64
		{9C4B7917-4A90-3499-8A66-4B15246B4155}.Release|x64.ActiveCfg = Release|x64
		{9C4B7917-4A90-3499-8A66-4B15246B4155}.Release|x64.Build.0 = Release|x64
		{9C4B7917-4A90-3499-8A66-4B15246B4155}.MinSizeRel|x64.ActiveCfg = MinSizeRel|x64
		{9C4B7917-4A90-3499-8A66-4B15246B4155}.MinSizeRel|x64.Build.0 = MinSizeRel|x64
		{9C4B7917-4A90-3499-8A66-4B15246B4155}.RelWithDebInfo|x64.ActiveCfg = RelWithDebInfo|x64
		{9C4B7917-4A90-3499-8A66-4B15246B4155}.RelWithDebInfo|x64.Build.0 = RelWithDebInfo|x64
		{AFD3A495-3958-38D3-AE61-D9E1A65F1D79}.Debug|x64.ActiveCfg = Debug|x64
		{AFD3A495-3958-38D3-AE61-D9E1A65F1D79}.Debug|x64.Build.0 = Debug|x64
		{AFD3A495-3958-38D3-AE61-D9E1A65F1D79}.Release|x64.ActiveCfg = Release|x64
		{AFD3A495-3958-38D3-AE61-D9E1A65F1D79}.Release|x64.Build.0 = Release|x64
		{AFD3A495-3958-38D3-AE61-D9E1A65F1D79}.MinSizeRel|x64.ActiveCfg = MinSizeRel|x64
		{AFD3A495-3958-38D3-AE61-D9E1A65F1D79}.MinSizeRel|x64.Build.0 = MinSizeRel|x64
		{AFD3A495-3958-38D3-AE61-D9E1A65F1D79}.RelWithDebInfo|x64.ActiveCfg = RelWithDebInfo|x64
		{AFD3A495-3958-38D3-AE61-D9E1A65F1D79}.RelWithDebInfo|x64.Build.0 = RelWithDebInfo|x64
	EndGlobalSection
	GlobalSection(ExtensibilityGlobals) = postSolution
		SolutionGuid = {681ACFAF-DCC4-3842-B63F-781B814D9EB6}
	EndGlobalSection
	GlobalSection(ExtensibilityAddIns) = postSolution
	EndGlobalSection
EndGlobal
